// !$*UTF8*$!
{
	archiveVersion = 1;
	classes = {
	};
	objectVersion = 56;
	objects = {

/* Begin PBXBuildFile section */
		E507AD492A1B8A7500F1A976 /* NoDigitsTextField.swift in Sources */ = {isa = PBXBuildFile; fileRef = E507AD482A1B8A7500F1A976 /* NoDigitsTextField.swift */; };
		E507AD4D2A1B8AFF00F1A976 /* NoDigitsTextField.xib in Resources */ = {isa = PBXBuildFile; fileRef = E507AD4C2A1B8AFF00F1A976 /* NoDigitsTextField.xib */; };
		E514E88F2A23633600D3BFD0 /* ColorHelper.swift in Sources */ = {isa = PBXBuildFile; fileRef = E514E88E2A23633600D3BFD0 /* ColorHelper.swift */; };
		E56F18902A221679005CF07D /* TextFieldLimitAlert.swift in Sources */ = {isa = PBXBuildFile; fileRef = E56F188F2A221679005CF07D /* TextFieldLimitAlert.swift */; };
		E56F18942A221963005CF07D /* TextFieldLimitAlert.xib in Resources */ = {isa = PBXBuildFile; fileRef = E56F18932A221963005CF07D /* TextFieldLimitAlert.xib */; };
		E5A111732A264BFB00BDFE31 /* ValidationRulesTextField.xib in Resources */ = {isa = PBXBuildFile; fileRef = E5A111722A264BFB00BDFE31 /* ValidationRulesTextField.xib */; };
		E5A111752A264C3700BDFE31 /* ValidationRulesTextField.swift in Sources */ = {isa = PBXBuildFile; fileRef = E5A111742A264C3700BDFE31 /* ValidationRulesTextField.swift */; };
		E5AF314E2A0A504C00FB2C92 /* AppDelegate.swift in Sources */ = {isa = PBXBuildFile; fileRef = E5AF314D2A0A504C00FB2C92 /* AppDelegate.swift */; };
		E5AF31502A0A504C00FB2C92 /* SceneDelegate.swift in Sources */ = {isa = PBXBuildFile; fileRef = E5AF314F2A0A504C00FB2C92 /* SceneDelegate.swift */; };
		E5AF31522A0A504C00FB2C92 /* ViewController.swift in Sources */ = {isa = PBXBuildFile; fileRef = E5AF31512A0A504C00FB2C92 /* ViewController.swift */; };
		E5AF31552A0A504C00FB2C92 /* Main.storyboard in Resources */ = {isa = PBXBuildFile; fileRef = E5AF31532A0A504C00FB2C92 /* Main.storyboard */; };
		E5AF31572A0A504D00FB2C92 /* Assets.xcassets in Resources */ = {isa = PBXBuildFile; fileRef = E5AF31562A0A504D00FB2C92 /* Assets.xcassets */; };
		E5AF31652A0A504D00FB2C92 /* TextFieldsTests.swift in Sources */ = {isa = PBXBuildFile; fileRef = E5AF31642A0A504D00FB2C92 /* TextFieldsTests.swift */; };
		E5AF316F2A0A504D00FB2C92 /* TextFieldsUITests.swift in Sources */ = {isa = PBXBuildFile; fileRef = E5AF316E2A0A504D00FB2C92 /* TextFieldsUITests.swift */; };
		E5AF31712A0A504D00FB2C92 /* TextFieldsUITestsLaunchTests.swift in Sources */ = {isa = PBXBuildFile; fileRef = E5AF31702A0A504D00FB2C92 /* TextFieldsUITestsLaunchTests.swift */; };
		E5C1AA772A2740B600713101 /* OnlyCharactersTextField.xib in Resources */ = {isa = PBXBuildFile; fileRef = E5C1AA762A2740B600713101 /* OnlyCharactersTextField.xib */; };
		E5C1AA792A2740D000713101 /* OnlyCharactersTextField.swift in Sources */ = {isa = PBXBuildFile; fileRef = E5C1AA782A2740D000713101 /* OnlyCharactersTextField.swift */; };
		E5C4EF632A28D7F900A0F044 /* BrowserHelper.swift in Sources */ = {isa = PBXBuildFile; fileRef = E5C4EF622A28D7F900A0F044 /* BrowserHelper.swift */; };
		E5E3D5492A27EA4200D06AE2 /* Link.xib in Resources */ = {isa = PBXBuildFile; fileRef = E5E3D5482A27EA4200D06AE2 /* Link.xib */; };
		E5E3D54B2A27EA5100D06AE2 /* Link.swift in Sources */ = {isa = PBXBuildFile; fileRef = E5E3D54A2A27EA5100D06AE2 /* Link.swift */; };
/* End PBXBuildFile section */

/* Begin PBXContainerItemProxy section */
		E5AF31612A0A504D00FB2C92 /* PBXContainerItemProxy */ = {
			isa = PBXContainerItemProxy;
			containerPortal = E5AF31422A0A504C00FB2C92 /* Project object */;
			proxyType = 1;
			remoteGlobalIDString = E5AF31492A0A504C00FB2C92;
			remoteInfo = TextFields;
		};
		E5AF316B2A0A504D00FB2C92 /* PBXContainerItemProxy */ = {
			isa = PBXContainerItemProxy;
			containerPortal = E5AF31422A0A504C00FB2C92 /* Project object */;
			proxyType = 1;
			remoteGlobalIDString = E5AF31492A0A504C00FB2C92;
			remoteInfo = TextFields;
		};
/* End PBXContainerItemProxy section */

/* Begin PBXFileReference section */
		E507AD482A1B8A7500F1A976 /* NoDigitsTextField.swift */ = {isa = PBXFileReference; lastKnownFileType = sourcecode.swift; path = NoDigitsTextField.swift; sourceTree = "<group>"; };
		E507AD4C2A1B8AFF00F1A976 /* NoDigitsTextField.xib */ = {isa = PBXFileReference; lastKnownFileType = file.xib; path = NoDigitsTextField.xib; sourceTree = "<group>"; };
		E514E88E2A23633600D3BFD0 /* ColorHelper.swift */ = {isa = PBXFileReference; lastKnownFileType = sourcecode.swift; path = ColorHelper.swift; sourceTree = "<group>"; };
		E56F188F2A221679005CF07D /* TextFieldLimitAlert.swift */ = {isa = PBXFileReference; lastKnownFileType = sourcecode.swift; path = TextFieldLimitAlert.swift; sourceTree = "<group>"; };
		E56F18932A221963005CF07D /* TextFieldLimitAlert.xib */ = {isa = PBXFileReference; fileEncoding = 4; lastKnownFileType = file.xib; path = TextFieldLimitAlert.xib; sourceTree = "<group>"; };
		E5A111722A264BFB00BDFE31 /* ValidationRulesTextField.xib */ = {isa = PBXFileReference; fileEncoding = 4; lastKnownFileType = file.xib; path = ValidationRulesTextField.xib; sourceTree = "<group>"; };
		E5A111742A264C3700BDFE31 /* ValidationRulesTextField.swift */ = {isa = PBXFileReference; lastKnownFileType = sourcecode.swift; path = ValidationRulesTextField.swift; sourceTree = "<group>"; };
		E5AF314A2A0A504C00FB2C92 /* TextFields.app */ = {isa = PBXFileReference; explicitFileType = wrapper.application; includeInIndex = 0; path = TextFields.app; sourceTree = BUILT_PRODUCTS_DIR; };
		E5AF314D2A0A504C00FB2C92 /* AppDelegate.swift */ = {isa = PBXFileReference; lastKnownFileType = sourcecode.swift; path = AppDelegate.swift; sourceTree = "<group>"; };
		E5AF314F2A0A504C00FB2C92 /* SceneDelegate.swift */ = {isa = PBXFileReference; lastKnownFileType = sourcecode.swift; path = SceneDelegate.swift; sourceTree = "<group>"; };
		E5AF31512A0A504C00FB2C92 /* ViewController.swift */ = {isa = PBXFileReference; lastKnownFileType = sourcecode.swift; path = ViewController.swift; sourceTree = "<group>"; };
		E5AF31542A0A504C00FB2C92 /* Base */ = {isa = PBXFileReference; lastKnownFileType = file.storyboard; name = Base; path = Base.lproj/Main.storyboard; sourceTree = "<group>"; };
		E5AF31562A0A504D00FB2C92 /* Assets.xcassets */ = {isa = PBXFileReference; lastKnownFileType = folder.assetcatalog; path = Assets.xcassets; sourceTree = "<group>"; };
		E5AF315B2A0A504D00FB2C92 /* Info.plist */ = {isa = PBXFileReference; lastKnownFileType = text.plist.xml; path = Info.plist; sourceTree = "<group>"; };
		E5AF31602A0A504D00FB2C92 /* TextFieldsTests.xctest */ = {isa = PBXFileReference; explicitFileType = wrapper.cfbundle; includeInIndex = 0; path = TextFieldsTests.xctest; sourceTree = BUILT_PRODUCTS_DIR; };
		E5AF31642A0A504D00FB2C92 /* TextFieldsTests.swift */ = {isa = PBXFileReference; lastKnownFileType = sourcecode.swift; path = TextFieldsTests.swift; sourceTree = "<group>"; };
		E5AF316A2A0A504D00FB2C92 /* TextFieldsUITests.xctest */ = {isa = PBXFileReference; explicitFileType = wrapper.cfbundle; includeInIndex = 0; path = TextFieldsUITests.xctest; sourceTree = BUILT_PRODUCTS_DIR; };
		E5AF316E2A0A504D00FB2C92 /* TextFieldsUITests.swift */ = {isa = PBXFileReference; lastKnownFileType = sourcecode.swift; path = TextFieldsUITests.swift; sourceTree = "<group>"; };
		E5AF31702A0A504D00FB2C92 /* TextFieldsUITestsLaunchTests.swift */ = {isa = PBXFileReference; lastKnownFileType = sourcecode.swift; path = TextFieldsUITestsLaunchTests.swift; sourceTree = "<group>"; };
		E5C1AA762A2740B600713101 /* OnlyCharactersTextField.xib */ = {isa = PBXFileReference; fileEncoding = 4; lastKnownFileType = file.xib; path = OnlyCharactersTextField.xib; sourceTree = "<group>"; };
		E5C1AA782A2740D000713101 /* OnlyCharactersTextField.swift */ = {isa = PBXFileReference; lastKnownFileType = sourcecode.swift; path = OnlyCharactersTextField.swift; sourceTree = "<group>"; };
		E5C4EF622A28D7F900A0F044 /* BrowserHelper.swift */ = {isa = PBXFileReference; lastKnownFileType = sourcecode.swift; path = BrowserHelper.swift; sourceTree = "<group>"; };
		E5E0DD102A20C7B200D2261D /* Rubik-Italic-VariableFont_wght.ttf */ = {isa = PBXFileReference; lastKnownFileType = file; path = "Rubik-Italic-VariableFont_wght.ttf"; sourceTree = "<group>"; };
		E5E0DD112A20C7B200D2261D /* Rubik-VariableFont_wght.ttf */ = {isa = PBXFileReference; lastKnownFileType = file; path = "Rubik-VariableFont_wght.ttf"; sourceTree = "<group>"; };
		E5E3D5482A27EA4200D06AE2 /* Link.xib */ = {isa = PBXFileReference; fileEncoding = 4; lastKnownFileType = file.xib; path = Link.xib; sourceTree = "<group>"; };
		E5E3D54A2A27EA5100D06AE2 /* Link.swift */ = {isa = PBXFileReference; lastKnownFileType = sourcecode.swift; path = Link.swift; sourceTree = "<group>"; };
/* End PBXFileReference section */

/* Begin PBXFrameworksBuildPhase section */
		E5AF31472A0A504C00FB2C92 /* Frameworks */ = {
			isa = PBXFrameworksBuildPhase;
			buildActionMask = 2147483647;
			files = (
			);
			runOnlyForDeploymentPostprocessing = 0;
		};
		E5AF315D2A0A504D00FB2C92 /* Frameworks */ = {
			isa = PBXFrameworksBuildPhase;
			buildActionMask = 2147483647;
			files = (
			);
			runOnlyForDeploymentPostprocessing = 0;
		};
		E5AF31672A0A504D00FB2C92 /* Frameworks */ = {
			isa = PBXFrameworksBuildPhase;
			buildActionMask = 2147483647;
			files = (
			);
			runOnlyForDeploymentPostprocessing = 0;
		};
/* End PBXFrameworksBuildPhase section */

/* Begin PBXGroup section */
		E507AD3A2A1B6D3100F1A976 /* View */ = {
			isa = PBXGroup;
			children = (
				E5AF31532A0A504C00FB2C92 /* Main.storyboard */,
			);
			path = View;
			sourceTree = "<group>";
		};
		E507AD3B2A1B6D5100F1A976 /* Controller */ = {
			isa = PBXGroup;
			children = (
				E5AF31512A0A504C00FB2C92 /* ViewController.swift */,
			);
			path = Controller;
			sourceTree = "<group>";
		};
		E507AD3C2A1B6D6800F1A976 /* Model */ = {
			isa = PBXGroup;
			children = (
			);
			path = Model;
			sourceTree = "<group>";
		};
		E507AD412A1B849300F1A976 /* CustomView */ = {
			isa = PBXGroup;
			children = (
				E507AD482A1B8A7500F1A976 /* NoDigitsTextField.swift */,
				E507AD4C2A1B8AFF00F1A976 /* NoDigitsTextField.xib */,
				E5E3D5482A27EA4200D06AE2 /* Link.xib */,
				E5C1AA762A2740B600713101 /* OnlyCharactersTextField.xib */,
				E5A111722A264BFB00BDFE31 /* ValidationRulesTextField.xib */,
				E56F18932A221963005CF07D /* TextFieldLimitAlert.xib */,
				E56F188F2A221679005CF07D /* TextFieldLimitAlert.swift */,
				E5A111742A264C3700BDFE31 /* ValidationRulesTextField.swift */,
				E5C1AA782A2740D000713101 /* OnlyCharactersTextField.swift */,
				E5E3D54A2A27EA5100D06AE2 /* Link.swift */,
			);
			path = CustomView;
			sourceTree = "<group>";
		};
		E514E88D2A23630A00D3BFD0 /* Utils */ = {
			isa = PBXGroup;
			children = (
				E514E88E2A23633600D3BFD0 /* ColorHelper.swift */,
				E5C4EF622A28D7F900A0F044 /* BrowserHelper.swift */,
			);
			path = Utils;
			sourceTree = "<group>";
		};
		E5AF31412A0A504C00FB2C92 = {
			isa = PBXGroup;
			children = (
				E5AF314C2A0A504C00FB2C92 /* TextFields */,
				E5E0DD0F2A20C79500D2261D /* fonts */,
				E5AF31632A0A504D00FB2C92 /* TextFieldsTests */,
				E5AF316D2A0A504D00FB2C92 /* TextFieldsUITests */,
				E5AF314B2A0A504C00FB2C92 /* Products */,
			);
			sourceTree = "<group>";
		};
		E5AF314B2A0A504C00FB2C92 /* Products */ = {
			isa = PBXGroup;
			children = (
				E5AF314A2A0A504C00FB2C92 /* TextFields.app */,
				E5AF31602A0A504D00FB2C92 /* TextFieldsTests.xctest */,
				E5AF316A2A0A504D00FB2C92 /* TextFieldsUITests.xctest */,
			);
			name = Products;
			sourceTree = "<group>";
		};
		E5AF314C2A0A504C00FB2C92 /* TextFields */ = {
			isa = PBXGroup;
			children = (
				E5AF314D2A0A504C00FB2C92 /* AppDelegate.swift */,
				E5AF314F2A0A504C00FB2C92 /* SceneDelegate.swift */,
				E507AD3C2A1B6D6800F1A976 /* Model */,
				E507AD3A2A1B6D3100F1A976 /* View */,
				E507AD412A1B849300F1A976 /* CustomView */,
				E507AD3B2A1B6D5100F1A976 /* Controller */,
				E5AF31562A0A504D00FB2C92 /* Assets.xcassets */,
				E514E88D2A23630A00D3BFD0 /* Utils */,
				E5AF315B2A0A504D00FB2C92 /* Info.plist */,
			);
			path = TextFields;
			sourceTree = "<group>";
		};
		E5AF31632A0A504D00FB2C92 /* TextFieldsTests */ = {
			isa = PBXGroup;
			children = (
				E5AF31642A0A504D00FB2C92 /* TextFieldsTests.swift */,
			);
			path = TextFieldsTests;
			sourceTree = "<group>";
		};
		E5AF316D2A0A504D00FB2C92 /* TextFieldsUITests */ = {
			isa = PBXGroup;
			children = (
				E5AF316E2A0A504D00FB2C92 /* TextFieldsUITests.swift */,
				E5AF31702A0A504D00FB2C92 /* TextFieldsUITestsLaunchTests.swift */,
			);
			path = TextFieldsUITests;
			sourceTree = "<group>";
		};
		E5E0DD0F2A20C79500D2261D /* fonts */ = {
			isa = PBXGroup;
			children = (
				E5E0DD102A20C7B200D2261D /* Rubik-Italic-VariableFont_wght.ttf */,
				E5E0DD112A20C7B200D2261D /* Rubik-VariableFont_wght.ttf */,
			);
			path = fonts;
			sourceTree = "<group>";
		};
/* End PBXGroup section */

/* Begin PBXNativeTarget section */
		E5AF31492A0A504C00FB2C92 /* TextFields */ = {
			isa = PBXNativeTarget;
			buildConfigurationList = E5AF31742A0A504D00FB2C92 /* Build configuration list for PBXNativeTarget "TextFields" */;
			buildPhases = (
				E5AF31462A0A504C00FB2C92 /* Sources */,
				E5AF31472A0A504C00FB2C92 /* Frameworks */,
				E5AF31482A0A504C00FB2C92 /* Resources */,
			);
			buildRules = (
			);
			dependencies = (
			);
			name = TextFields;
			productName = TextFields;
			productReference = E5AF314A2A0A504C00FB2C92 /* TextFields.app */;
			productType = "com.apple.product-type.application";
		};
		E5AF315F2A0A504D00FB2C92 /* TextFieldsTests */ = {
			isa = PBXNativeTarget;
			buildConfigurationList = E5AF31772A0A504D00FB2C92 /* Build configuration list for PBXNativeTarget "TextFieldsTests" */;
			buildPhases = (
				E5AF315C2A0A504D00FB2C92 /* Sources */,
				E5AF315D2A0A504D00FB2C92 /* Frameworks */,
				E5AF315E2A0A504D00FB2C92 /* Resources */,
			);
			buildRules = (
			);
			dependencies = (
				E5AF31622A0A504D00FB2C92 /* PBXTargetDependency */,
			);
			name = TextFieldsTests;
			productName = TextFieldsTests;
			productReference = E5AF31602A0A504D00FB2C92 /* TextFieldsTests.xctest */;
			productType = "com.apple.product-type.bundle.unit-test";
		};
		E5AF31692A0A504D00FB2C92 /* TextFieldsUITests */ = {
			isa = PBXNativeTarget;
			buildConfigurationList = E5AF317A2A0A504D00FB2C92 /* Build configuration list for PBXNativeTarget "TextFieldsUITests" */;
			buildPhases = (
				E5AF31662A0A504D00FB2C92 /* Sources */,
				E5AF31672A0A504D00FB2C92 /* Frameworks */,
				E5AF31682A0A504D00FB2C92 /* Resources */,
			);
			buildRules = (
			);
			dependencies = (
				E5AF316C2A0A504D00FB2C92 /* PBXTargetDependency */,
			);
			name = TextFieldsUITests;
			productName = TextFieldsUITests;
			productReference = E5AF316A2A0A504D00FB2C92 /* TextFieldsUITests.xctest */;
			productType = "com.apple.product-type.bundle.ui-testing";
		};
/* End PBXNativeTarget section */

/* Begin PBXProject section */
		E5AF31422A0A504C00FB2C92 /* Project object */ = {
			isa = PBXProject;
			attributes = {
				BuildIndependentTargetsInParallel = 1;
				LastSwiftUpdateCheck = 1420;
				LastUpgradeCheck = 1420;
				TargetAttributes = {
					E5AF31492A0A504C00FB2C92 = {
						CreatedOnToolsVersion = 14.2;
					};
					E5AF315F2A0A504D00FB2C92 = {
						CreatedOnToolsVersion = 14.2;
						TestTargetID = E5AF31492A0A504C00FB2C92;
					};
					E5AF31692A0A504D00FB2C92 = {
						CreatedOnToolsVersion = 14.2;
						TestTargetID = E5AF31492A0A504C00FB2C92;
					};
				};
			};
			buildConfigurationList = E5AF31452A0A504C00FB2C92 /* Build configuration list for PBXProject "TextFields" */;
			compatibilityVersion = "Xcode 14.0";
			developmentRegion = en;
			hasScannedForEncodings = 0;
			knownRegions = (
				en,
				Base,
			);
			mainGroup = E5AF31412A0A504C00FB2C92;
			productRefGroup = E5AF314B2A0A504C00FB2C92 /* Products */;
			projectDirPath = "";
			projectRoot = "";
			targets = (
				E5AF31492A0A504C00FB2C92 /* TextFields */,
				E5AF315F2A0A504D00FB2C92 /* TextFieldsTests */,
				E5AF31692A0A504D00FB2C92 /* TextFieldsUITests */,
			);
		};
/* End PBXProject section */

/* Begin PBXResourcesBuildPhase section */
		E5AF31482A0A504C00FB2C92 /* Resources */ = {
			isa = PBXResourcesBuildPhase;
			buildActionMask = 2147483647;
			files = (
				E56F18942A221963005CF07D /* TextFieldLimitAlert.xib in Resources */,
				E5C1AA772A2740B600713101 /* OnlyCharactersTextField.xib in Resources */,
				E5AF31572A0A504D00FB2C92 /* Assets.xcassets in Resources */,
				E5AF31552A0A504C00FB2C92 /* Main.storyboard in Resources */,
				E5E3D5492A27EA4200D06AE2 /* Link.xib in Resources */,
				E507AD4D2A1B8AFF00F1A976 /* NoDigitsTextField.xib in Resources */,
				E5A111732A264BFB00BDFE31 /* ValidationRulesTextField.xib in Resources */,
			);
			runOnlyForDeploymentPostprocessing = 0;
		};
		E5AF315E2A0A504D00FB2C92 /* Resources */ = {
			isa = PBXResourcesBuildPhase;
			buildActionMask = 2147483647;
			files = (
			);
			runOnlyForDeploymentPostprocessing = 0;
		};
		E5AF31682A0A504D00FB2C92 /* Resources */ = {
			isa = PBXResourcesBuildPhase;
			buildActionMask = 2147483647;
			files = (
			);
			runOnlyForDeploymentPostprocessing = 0;
		};
/* End PBXResourcesBuildPhase section */

/* Begin PBXSourcesBuildPhase section */
		E5AF31462A0A504C00FB2C92 /* Sources */ = {
			isa = PBXSourcesBuildPhase;
			buildActionMask = 2147483647;
			files = (
				E507AD492A1B8A7500F1A976 /* NoDigitsTextField.swift in Sources */,
				E514E88F2A23633600D3BFD0 /* ColorHelper.swift in Sources */,
				E5A111752A264C3700BDFE31 /* ValidationRulesTextField.swift in Sources */,
				E5C1AA792A2740D000713101 /* OnlyCharactersTextField.swift in Sources */,
				E5C4EF632A28D7F900A0F044 /* BrowserHelper.swift in Sources */,
				E56F18902A221679005CF07D /* TextFieldLimitAlert.swift in Sources */,
				E5AF31522A0A504C00FB2C92 /* ViewController.swift in Sources */,
				E5E3D54B2A27EA5100D06AE2 /* Link.swift in Sources */,
				E5AF314E2A0A504C00FB2C92 /* AppDelegate.swift in Sources */,
				E5AF31502A0A504C00FB2C92 /* SceneDelegate.swift in Sources */,
			);
			runOnlyForDeploymentPostprocessing = 0;
		};
		E5AF315C2A0A504D00FB2C92 /* Sources */ = {
			isa = PBXSourcesBuildPhase;
			buildActionMask = 2147483647;
			files = (
				E5AF31652A0A504D00FB2C92 /* TextFieldsTests.swift in Sources */,
			);
			runOnlyForDeploymentPostprocessing = 0;
		};
		E5AF31662A0A504D00FB2C92 /* Sources */ = {
			isa = PBXSourcesBuildPhase;
			buildActionMask = 2147483647;
			files = (
				E5AF31712A0A504D00FB2C92 /* TextFieldsUITestsLaunchTests.swift in Sources */,
				E5AF316F2A0A504D00FB2C92 /* TextFieldsUITests.swift in Sources */,
			);
			runOnlyForDeploymentPostprocessing = 0;
		};
/* End PBXSourcesBuildPhase section */

/* Begin PBXTargetDependency section */
		E5AF31622A0A504D00FB2C92 /* PBXTargetDependency */ = {
			isa = PBXTargetDependency;
			target = E5AF31492A0A504C00FB2C92 /* TextFields */;
			targetProxy = E5AF31612A0A504D00FB2C92 /* PBXContainerItemProxy */;
		};
		E5AF316C2A0A504D00FB2C92 /* PBXTargetDependency */ = {
			isa = PBXTargetDependency;
			target = E5AF31492A0A504C00FB2C92 /* TextFields */;
			targetProxy = E5AF316B2A0A504D00FB2C92 /* PBXContainerItemProxy */;
		};
/* End PBXTargetDependency section */

/* Begin PBXVariantGroup section */
		E5AF31532A0A504C00FB2C92 /* Main.storyboard */ = {
			isa = PBXVariantGroup;
			children = (
				E5AF31542A0A504C00FB2C92 /* Base */,
			);
			name = Main.storyboard;
			sourceTree = "<group>";
		};
/* End PBXVariantGroup section */

/* Begin XCBuildConfiguration section */
		E5AF31722A0A504D00FB2C92 /* Debug */ = {
			isa = XCBuildConfiguration;
			buildSettings = {
				ALWAYS_SEARCH_USER_PATHS = NO;
				CLANG_ANALYZER_NONNULL = YES;
				CLANG_ANALYZER_NUMBER_OBJECT_CONVERSION = YES_AGGRESSIVE;
				CLANG_CXX_LANGUAGE_STANDARD = "gnu++20";
				CLANG_ENABLE_MODULES = YES;
				CLANG_ENABLE_OBJC_ARC = YES;
				CLANG_ENABLE_OBJC_WEAK = YES;
				CLANG_WARN_BLOCK_CAPTURE_AUTORELEASING = YES;
				CLANG_WARN_BOOL_CONVERSION = YES;
				CLANG_WARN_COMMA = YES;
				CLANG_WARN_CONSTANT_CONVERSION = YES;
				CLANG_WARN_DEPRECATED_OBJC_IMPLEMENTATIONS = YES;
				CLANG_WARN_DIRECT_OBJC_ISA_USAGE = YES_ERROR;
				CLANG_WARN_DOCUMENTATION_COMMENTS = YES;
				CLANG_WARN_EMPTY_BODY = YES;
				CLANG_WARN_ENUM_CONVERSION = YES;
				CLANG_WARN_INFINITE_RECURSION = YES;
				CLANG_WARN_INT_CONVERSION = YES;
				CLANG_WARN_NON_LITERAL_NULL_CONVERSION = YES;
				CLANG_WARN_OBJC_IMPLICIT_RETAIN_SELF = YES;
				CLANG_WARN_OBJC_LITERAL_CONVERSION = YES;
				CLANG_WARN_OBJC_ROOT_CLASS = YES_ERROR;
				CLANG_WARN_QUOTED_INCLUDE_IN_FRAMEWORK_HEADER = YES;
				CLANG_WARN_RANGE_LOOP_ANALYSIS = YES;
				CLANG_WARN_STRICT_PROTOTYPES = YES;
				CLANG_WARN_SUSPICIOUS_MOVE = YES;
				CLANG_WARN_UNGUARDED_AVAILABILITY = YES_AGGRESSIVE;
				CLANG_WARN_UNREACHABLE_CODE = YES;
				CLANG_WARN__DUPLICATE_METHOD_MATCH = YES;
				COPY_PHASE_STRIP = NO;
				DEBUG_INFORMATION_FORMAT = dwarf;
				ENABLE_STRICT_OBJC_MSGSEND = YES;
				ENABLE_TESTABILITY = YES;
				GCC_C_LANGUAGE_STANDARD = gnu11;
				GCC_DYNAMIC_NO_PIC = NO;
				GCC_NO_COMMON_BLOCKS = YES;
				GCC_OPTIMIZATION_LEVEL = 0;
				GCC_PREPROCESSOR_DEFINITIONS = (
					"DEBUG=1",
					"$(inherited)",
				);
				GCC_WARN_64_TO_32_BIT_CONVERSION = YES;
				GCC_WARN_ABOUT_RETURN_TYPE = YES_ERROR;
				GCC_WARN_UNDECLARED_SELECTOR = YES;
				GCC_WARN_UNINITIALIZED_AUTOS = YES_AGGRESSIVE;
				GCC_WARN_UNUSED_FUNCTION = YES;
				GCC_WARN_UNUSED_VARIABLE = YES;
				IPHONEOS_DEPLOYMENT_TARGET = 16.2;
				MTL_ENABLE_DEBUG_INFO = INCLUDE_SOURCE;
				MTL_FAST_MATH = YES;
				ONLY_ACTIVE_ARCH = YES;
				SDKROOT = iphoneos;
				SWIFT_ACTIVE_COMPILATION_CONDITIONS = DEBUG;
				SWIFT_OPTIMIZATION_LEVEL = "-Onone";
			};
			name = Debug;
		};
		E5AF31732A0A504D00FB2C92 /* Release */ = {
			isa = XCBuildConfiguration;
			buildSettings = {
				ALWAYS_SEARCH_USER_PATHS = NO;
				CLANG_ANALYZER_NONNULL = YES;
				CLANG_ANALYZER_NUMBER_OBJECT_CONVERSION = YES_AGGRESSIVE;
				CLANG_CXX_LANGUAGE_STANDARD = "gnu++20";
				CLANG_ENABLE_MODULES = YES;
				CLANG_ENABLE_OBJC_ARC = YES;
				CLANG_ENABLE_OBJC_WEAK = YES;
				CLANG_WARN_BLOCK_CAPTURE_AUTORELEASING = YES;
				CLANG_WARN_BOOL_CONVERSION = YES;
				CLANG_WARN_COMMA = YES;
				CLANG_WARN_CONSTANT_CONVERSION = YES;
				CLANG_WARN_DEPRECATED_OBJC_IMPLEMENTATIONS = YES;
				CLANG_WARN_DIRECT_OBJC_ISA_USAGE = YES_ERROR;
				CLANG_WARN_DOCUMENTATION_COMMENTS = YES;
				CLANG_WARN_EMPTY_BODY = YES;
				CLANG_WARN_ENUM_CONVERSION = YES;
				CLANG_WARN_INFINITE_RECURSION = YES;
				CLANG_WARN_INT_CONVERSION = YES;
				CLANG_WARN_NON_LITERAL_NULL_CONVERSION = YES;
				CLANG_WARN_OBJC_IMPLICIT_RETAIN_SELF = YES;
				CLANG_WARN_OBJC_LITERAL_CONVERSION = YES;
				CLANG_WARN_OBJC_ROOT_CLASS = YES_ERROR;
				CLANG_WARN_QUOTED_INCLUDE_IN_FRAMEWORK_HEADER = YES;
				CLANG_WARN_RANGE_LOOP_ANALYSIS = YES;
				CLANG_WARN_STRICT_PROTOTYPES = YES;
				CLANG_WARN_SUSPICIOUS_MOVE = YES;
				CLANG_WARN_UNGUARDED_AVAILABILITY = YES_AGGRESSIVE;
				CLANG_WARN_UNREACHABLE_CODE = YES;
				CLANG_WARN__DUPLICATE_METHOD_MATCH = YES;
				COPY_PHASE_STRIP = NO;
				DEBUG_INFORMATION_FORMAT = "dwarf-with-dsym";
				ENABLE_NS_ASSERTIONS = NO;
				ENABLE_STRICT_OBJC_MSGSEND = YES;
				GCC_C_LANGUAGE_STANDARD = gnu11;
				GCC_NO_COMMON_BLOCKS = YES;
				GCC_WARN_64_TO_32_BIT_CONVERSION = YES;
				GCC_WARN_ABOUT_RETURN_TYPE = YES_ERROR;
				GCC_WARN_UNDECLARED_SELECTOR = YES;
				GCC_WARN_UNINITIALIZED_AUTOS = YES_AGGRESSIVE;
				GCC_WARN_UNUSED_FUNCTION = YES;
				GCC_WARN_UNUSED_VARIABLE = YES;
				IPHONEOS_DEPLOYMENT_TARGET = 16.2;
				MTL_ENABLE_DEBUG_INFO = NO;
				MTL_FAST_MATH = YES;
				SDKROOT = iphoneos;
				SWIFT_COMPILATION_MODE = wholemodule;
				SWIFT_OPTIMIZATION_LEVEL = "-O";
				VALIDATE_PRODUCT = YES;
			};
			name = Release;
		};
		E5AF31752A0A504D00FB2C92 /* Debug */ = {
			isa = XCBuildConfiguration;
			buildSettings = {
				ASSETCATALOG_COMPILER_APPICON_NAME = AppIcon;
				ASSETCATALOG_COMPILER_GLOBAL_ACCENT_COLOR_NAME = AccentColor;
				CODE_SIGN_STYLE = Automatic;
				CURRENT_PROJECT_VERSION = 1;
				DEVELOPMENT_TEAM = GJVZ3R5TMH;
				GENERATE_INFOPLIST_FILE = YES;
				INFOPLIST_FILE = TextFields/Info.plist;
				INFOPLIST_KEY_UIApplicationSupportsIndirectInputEvents = YES;
				INFOPLIST_KEY_UILaunchStoryboardName = LaunchScreen;
				INFOPLIST_KEY_UIMainStoryboardFile = Main;
				INFOPLIST_KEY_UISupportedInterfaceOrientations = UIInterfaceOrientationPortrait;
				LD_RUNPATH_SEARCH_PATHS = (
					"$(inherited)",
					"@executable_path/Frameworks",
				);
				MARKETING_VERSION = 1.0;
				PRODUCT_BUNDLE_IDENTIFIER = ios.stanislav.TextFields;
				PRODUCT_NAME = "$(TARGET_NAME)";
				SWIFT_EMIT_LOC_STRINGS = YES;
				SWIFT_VERSION = 5.0;
				TARGETED_DEVICE_FAMILY = "1,2";
			};
			name = Debug;
		};
		E5AF31762A0A504D00FB2C92 /* Release */ = {
			isa = XCBuildConfiguration;
			buildSettings = {
				ASSETCATALOG_COMPILER_APPICON_NAME = AppIcon;
				ASSETCATALOG_COMPILER_GLOBAL_ACCENT_COLOR_NAME = AccentColor;
				CODE_SIGN_STYLE = Automatic;
				CURRENT_PROJECT_VERSION = 1;
				DEVELOPMENT_TEAM = GJVZ3R5TMH;
				GENERATE_INFOPLIST_FILE = YES;
				INFOPLIST_FILE = TextFields/Info.plist;
				INFOPLIST_KEY_UIApplicationSupportsIndirectInputEvents = YES;
				INFOPLIST_KEY_UILaunchStoryboardName = LaunchScreen;
				INFOPLIST_KEY_UIMainStoryboardFile = Main;
				INFOPLIST_KEY_UISupportedInterfaceOrientations = UIInterfaceOrientationPortrait;
				LD_RUNPATH_SEARCH_PATHS = (
					"$(inherited)",
					"@executable_path/Frameworks",
				);
				MARKETING_VERSION = 1.0;
				PRODUCT_BUNDLE_IDENTIFIER = ios.stanislav.TextFields;
				PRODUCT_NAME = "$(TARGET_NAME)";
				SWIFT_EMIT_LOC_STRINGS = YES;
				SWIFT_VERSION = 5.0;
				TARGETED_DEVICE_FAMILY = "1,2";
			};
			name = Release;
		};
		E5AF31782A0A504D00FB2C92 /* Debug */ = {
			isa = XCBuildConfiguration;
			buildSettings = {
				ALWAYS_EMBED_SWIFT_STANDARD_LIBRARIES = YES;
				BUNDLE_LOADER = "$(TEST_HOST)";
				CODE_SIGN_STYLE = Automatic;
				CURRENT_PROJECT_VERSION = 1;
				DEVELOPMENT_TEAM = GJVZ3R5TMH;
				GENERATE_INFOPLIST_FILE = YES;
				IPHONEOS_DEPLOYMENT_TARGET = 16.2;
				MARKETING_VERSION = 1.0;
				PRODUCT_BUNDLE_IDENTIFIER = ios.stanislav.TextFieldsTests;
				PRODUCT_NAME = "$(TARGET_NAME)";
				SWIFT_EMIT_LOC_STRINGS = NO;
				SWIFT_VERSION = 5.0;
				TARGETED_DEVICE_FAMILY = "1,2";
				TEST_HOST = "$(BUILT_PRODUCTS_DIR)/TextFields.app/$(BUNDLE_EXECUTABLE_FOLDER_PATH)/TextFields";
			};
			name = Debug;
		};
		E5AF31792A0A504D00FB2C92 /* Release */ = {
			isa = XCBuildConfiguration;
			buildSettings = {
				ALWAYS_EMBED_SWIFT_STANDARD_LIBRARIES = YES;
				BUNDLE_LOADER = "$(TEST_HOST)";
				CODE_SIGN_STYLE = Automatic;
				CURRENT_PROJECT_VERSION = 1;
				DEVELOPMENT_TEAM = GJVZ3R5TMH;
				GENERATE_INFOPLIST_FILE = YES;
				IPHONEOS_DEPLOYMENT_TARGET = 16.2;
				MARKETING_VERSION = 1.0;
				PRODUCT_BUNDLE_IDENTIFIER = ios.stanislav.TextFieldsTests;
				PRODUCT_NAME = "$(TARGET_NAME)";
				SWIFT_EMIT_LOC_STRINGS = NO;
				SWIFT_VERSION = 5.0;
				TARGETED_DEVICE_FAMILY = "1,2";
				TEST_HOST = "$(BUILT_PRODUCTS_DIR)/TextFields.app/$(BUNDLE_EXECUTABLE_FOLDER_PATH)/TextFields";
			};
			name = Release;
		};
		E5AF317B2A0A504D00FB2C92 /* Debug */ = {
			isa = XCBuildConfiguration;
			buildSettings = {
				ALWAYS_EMBED_SWIFT_STANDARD_LIBRARIES = YES;
				CODE_SIGN_STYLE = Automatic;
				CURRENT_PROJECT_VERSION = 1;
				DEVELOPMENT_TEAM = GJVZ3R5TMH;
				GENERATE_INFOPLIST_FILE = YES;
				MARKETING_VERSION = 1.0;
				PRODUCT_BUNDLE_IDENTIFIER = ios.stanislav.TextFieldsUITests;
				PRODUCT_NAME = "$(TARGET_NAME)";
				SWIFT_EMIT_LOC_STRINGS = NO;
				SWIFT_VERSION = 5.0;
				TARGETED_DEVICE_FAMILY = "1,2";
				TEST_TARGET_NAME = TextFields;
			};
			name = Debug;
		};
		E5AF317C2A0A504D00FB2C92 /* Release */ = {
			isa = XCBuildConfiguration;
			buildSettings = {
				ALWAYS_EMBED_SWIFT_STANDARD_LIBRARIES = YES;
				CODE_SIGN_STYLE = Automatic;
				CURRENT_PROJECT_VERSION = 1;
				DEVELOPMENT_TEAM = GJVZ3R5TMH;
				GENERATE_INFOPLIST_FILE = YES;
				MARKETING_VERSION = 1.0;
				PRODUCT_BUNDLE_IDENTIFIER = ios.stanislav.TextFieldsUITests;
				PRODUCT_NAME = "$(TARGET_NAME)";
				SWIFT_EMIT_LOC_STRINGS = NO;
				SWIFT_VERSION = 5.0;
				TARGETED_DEVICE_FAMILY = "1,2";
				TEST_TARGET_NAME = TextFields;
			};
			name = Release;
		};
/* End XCBuildConfiguration section */

/* Begin XCConfigurationList section */
		E5AF31452A0A504C00FB2C92 /* Build configuration list for PBXProject "TextFields" */ = {
			isa = XCConfigurationList;
			buildConfigurations = (
				E5AF31722A0A504D00FB2C92 /* Debug */,
				E5AF31732A0A504D00FB2C92 /* Release */,
			);
			defaultConfigurationIsVisible = 0;
			defaultConfigurationName = Release;
		};
		E5AF31742A0A504D00FB2C92 /* Build configuration list for PBXNativeTarget "TextFields" */ = {
			isa = XCConfigurationList;
			buildConfigurations = (
				E5AF31752A0A504D00FB2C92 /* Debug */,
				E5AF31762A0A504D00FB2C92 /* Release */,
			);
			defaultConfigurationIsVisible = 0;
			defaultConfigurationName = Release;
		};
		E5AF31772A0A504D00FB2C92 /* Build configuration list for PBXNativeTarget "TextFieldsTests" */ = {
			isa = XCConfigurationList;
			buildConfigurations = (
				E5AF31782A0A504D00FB2C92 /* Debug */,
				E5AF31792A0A504D00FB2C92 /* Release */,
			);
			defaultConfigurationIsVisible = 0;
			defaultConfigurationName = Release;
		};
		E5AF317A2A0A504D00FB2C92 /* Build configuration list for PBXNativeTarget "TextFieldsUITests" */ = {
			isa = XCConfigurationList;
			buildConfigurations = (
				E5AF317B2A0A504D00FB2C92 /* Debug */,
				E5AF317C2A0A504D00FB2C92 /* Release */,
			);
			defaultConfigurationIsVisible = 0;
			defaultConfigurationName = Release;
		};
/* End XCConfigurationList section */
	};
	rootObject = E5AF31422A0A504C00FB2C92 /* Project object */;
}
